
Microsoft Visual Studio Solution File, Format Version 12.00
# Visual Studio Version 17
VisualStudioVersion = 17.7.34009.444
MinimumVisualStudioVersion = 10.0.40219.1
Project("{FAE04EC0-301F-11D3-BF4B-00C04F79EFBC}") = "ASPNetMVC", "ASPNetMVC\ASPNetMVC.csproj", "{EFFFA66E-6587-4E0C-AAB3-DD91E156800F}"
EndProject
Project("{FAE04EC0-301F-11D3-BF4B-00C04F79EFBC}") = "SistemaVendas", "SistemaVendas\SistemaVendas.csproj", "{CA7F8C95-3C3C-48B7-BA40-A323686FB88E}"
EndProject
Global
	GlobalSection(SolutionConfigurationPlatforms) = preSolution
		Debug|Any CPU = Debug|Any CPU
		Release|Any CPU = Release|Any CPU
	EndGlobalSection
	GlobalSection(ProjectConfigurationPlatforms) = postSolution
		{EFFFA66E-6587-4E0C-AAB3-DD91E156800F}.Debug|Any CPU.ActiveCfg = Debug|Any CPU
		{EFFFA66E-6587-4E0C-AAB3-DD91E156800F}.Debug|Any CPU.Build.0 = Debug|Any CPU
		{EFFFA66E-6587-4E0C-AAB3-DD91E156800F}.Release|Any CPU.ActiveCfg = Release|Any CPU
		{EFFFA66E-6587-4E0C-AAB3-DD91E156800F}.Release|Any CPU.Build.0 = Release|Any CPU
		{CA7F8C95-3C3C-48B7-BA40-A323686FB88E}.Debug|Any CPU.ActiveCfg = Debug|Any CPU
		{CA7F8C95-3C3C-48B7-BA40-A323686FB88E}.Debug|Any CPU.Build.0 = Debug|Any CPU
		{CA7F8C95-3C3C-48B7-BA40-A323686FB88E}.Release|Any CPU.ActiveCfg = Release|Any CPU
		{CA7F8C95-3C3C-48B7-BA40-A323686FB88E}.Release|Any CPU.Build.0 = Release|Any CPU
	EndGlobalSection
	GlobalSection(SolutionProperties) = preSolution
		HideSolutionNode = FALSE
	EndGlobalSection
	GlobalSection(ExtensibilityGlobals) = postSolution
		SolutionGuid = {A1478B6F-BC40-4F9A-8222-401D1D907347}
	EndGlobalSection
EndGlobal
